
Microsoft Visual Studio Solution File, Format Version 12.00
# Visual Studio Version 17
VisualStudioVersion = 17.5.33502.453
MinimumVisualStudioVersion = 10.0.40219.1
Project("{8BC9CEB8-8B4A-11D0-8D11-00A0C91BC942}") = "Ksiazka_Telefoniczna", "Ksiazka_Telefoniczna\Ksiazka_Telefoniczna.vcxproj", "{5E466A10-92A0-4923-9C12-CE1E6B2CABF8}"
EndProject
Global
	GlobalSection(SolutionConfigurationPlatforms) = preSolution
		Debug|x64 = Debug|x64
		Debug|x86 = Debug|x86
		Release|x64 = Release|x64
		Release|x86 = Release|x86
	EndGlobalSection
	GlobalSection(ProjectConfigurationPlatforms) = postSolution
		{5E466A10-92A0-4923-9C12-CE1E6B2CABF8}.Debug|x64.ActiveCfg = Debug|x64
		{5E466A10-92A0-4923-9C12-CE1E6B2CABF8}.Debug|x64.Build.0 = Debug|x64
		{5E466A10-92A0-4923-9C12-CE1E6B2CABF8}.Debug|x86.ActiveCfg = Debug|Win32
		{5E466A10-92A0-4923-9C12-CE1E6B2CABF8}.Debug|x86.Build.0 = Debug|Win32
		{5E466A10-92A0-4923-9C12-CE1E6B2CABF8}.Release|x64.ActiveCfg = Release|x64
		{5E466A10-92A0-4923-9C12-CE1E6B2CABF8}.Release|x64.Build.0 = Release|x64
		{5E466A10-92A0-4923-9C12-CE1E6B2CABF8}.Release|x86.ActiveCfg = Release|Win32
		{5E466A10-92A0-4923-9C12-CE1E6B2CABF8}.Release|x86.Build.0 = Release|Win32
	EndGlobalSection
	GlobalSection(SolutionProperties) = preSolution
		HideSolutionNode = FALSE
	EndGlobalSection
	GlobalSection(ExtensibilityGlobals) = postSolution
		SolutionGuid = {DE80412A-71AC-4F14-B5EE-CE30B59553C1}
	EndGlobalSection
EndGlobal
